
Microsoft Visual Studio Solution File, Format Version 12.00
# Visual Studio Version 17
VisualStudioVersion = 17.0.31903.59
MinimumVisualStudioVersion = 10.0.40219.1
Project("{FAE04EC0-301F-11D3-BF4B-00C04F79EFBC}") = "Application", "Application\Application.csproj", "{BA99DC9E-61ED-4925-9E68-734C044AFA1A}"
EndProject
Project("{FAE04EC0-301F-11D3-BF4B-00C04F79EFBC}") = "Domain", "Domain\Domain.csproj", "{E6186683-DDED-457B-AF7E-F767C596A49E}"
EndProject
Project("{FAE04EC0-301F-11D3-BF4B-00C04F79EFBC}") = "Infrastructure", "Infrastructure\Infrastructure.csproj", "{7A3DF1D6-649F-48EF-9698-7AD2A16610D8}"
EndProject
Project("{FAE04EC0-301F-11D3-BF4B-00C04F79EFBC}") = "Web", "Web\Web.csproj", "{2B7E1890-02DF-427B-97B3-58D75451596B}"
EndProject
Global
	GlobalSection(SolutionConfigurationPlatforms) = preSolution
		Debug|Any CPU = Debug|Any CPU
		Release|Any CPU = Release|Any CPU
	EndGlobalSection
	GlobalSection(SolutionProperties) = preSolution
		HideSolutionNode = FALSE
	EndGlobalSection
	GlobalSection(ProjectConfigurationPlatforms) = postSolution
		{BA99DC9E-61ED-4925-9E68-734C044AFA1A}.Debug|Any CPU.ActiveCfg = Debug|Any CPU
		{BA99DC9E-61ED-4925-9E68-734C044AFA1A}.Debug|Any CPU.Build.0 = Debug|Any CPU
		{BA99DC9E-61ED-4925-9E68-734C044AFA1A}.Release|Any CPU.ActiveCfg = Release|Any CPU
		{BA99DC9E-61ED-4925-9E68-734C044AFA1A}.Release|Any CPU.Build.0 = Release|Any CPU
		{E6186683-DDED-457B-AF7E-F767C596A49E}.Debug|Any CPU.ActiveCfg = Debug|Any CPU
		{E6186683-DDED-457B-AF7E-F767C596A49E}.Debug|Any CPU.Build.0 = Debug|Any CPU
		{E6186683-DDED-457B-AF7E-F767C596A49E}.Release|Any CPU.ActiveCfg = Release|Any CPU
		{E6186683-DDED-457B-AF7E-F767C596A49E}.Release|Any CPU.Build.0 = Release|Any CPU
		{7A3DF1D6-649F-48EF-9698-7AD2A16610D8}.Debug|Any CPU.ActiveCfg = Debug|Any CPU
		{7A3DF1D6-649F-48EF-9698-7AD2A16610D8}.Debug|Any CPU.Build.0 = Debug|Any CPU
		{7A3DF1D6-649F-48EF-9698-7AD2A16610D8}.Release|Any CPU.ActiveCfg = Release|Any CPU
		{7A3DF1D6-649F-48EF-9698-7AD2A16610D8}.Release|Any CPU.Build.0 = Release|Any CPU
		{2B7E1890-02DF-427B-97B3-58D75451596B}.Debug|Any CPU.ActiveCfg = Debug|Any CPU
		{2B7E1890-02DF-427B-97B3-58D75451596B}.Debug|Any CPU.Build.0 = Debug|Any CPU
		{2B7E1890-02DF-427B-97B3-58D75451596B}.Release|Any CPU.ActiveCfg = Release|Any CPU
		{2B7E1890-02DF-427B-97B3-58D75451596B}.Release|Any CPU.Build.0 = Release|Any CPU
	EndGlobalSection
EndGlobal
